Microsoft Visual Studio Solution File, Format Version 12.00
# Visual Studio Version 17
VisualStudioVersion = 17.5.2.0
MinimumVisualStudioVersion = 10.0.40219.1
Project("{FAE04EC0-301F-11D3-BF4B-00C04F79EFBC}") = "csh_wm", "csh_wm.csproj", "{87A905DA-9442-B3FE-7514-D4DD844B9C8D}"
EndProject
Global
	GlobalSection(SolutionConfigurationPlatforms) = preSolution
		Debug|Any CPU = Debug|Any CPU
		Release|Any CPU = Release|Any CPU
	EndGlobalSection
	GlobalSection(ProjectConfigurationPlatforms) = postSolution
		{87A905DA-9442-B3FE-7514-D4DD844B9C8D}.Debug|Any CPU.ActiveCfg = Debug|Any CPU
		{87A905DA-9442-B3FE-7514-D4DD844B9C8D}.Debug|Any CPU.Build.0 = Debug|Any CPU
		{87A905DA-9442-B3FE-7514-D4DD844B9C8D}.Release|Any CPU.ActiveCfg = Release|Any CPU
		{87A905DA-9442-B3FE-7514-D4DD844B9C8D}.Release|Any CPU.Build.0 = Release|Any CPU
	EndGlobalSection
	GlobalSection(SolutionProperties) = preSolution
		HideSolutionNode = FALSE
	EndGlobalSection
	GlobalSection(ExtensibilityGlobals) = postSolution
		SolutionGuid = {317C97A4-4DCC-4BE8-BA82-72C60BAF072F}
	EndGlobalSection
EndGlobal
